{
  "pins" : [
    {
      "identity" : "acousticmobilepushdebug-sp",
      "kind" : "remoteSourceControl",
      "location" : "https://github.com/Acoustic-Mobile-Push/AcousticMobilePushDebug-SP",
      "state" : {
        "revision" : "73b6be8b5302d9ce638304aaf0a87171c2f8e559",
        "version" : "3.8.24"
      }
    },
    {
      "identity" : "acousticmobilepushnotificationdebug-sp",
      "kind" : "remoteSourceControl",
      "location" : "https://github.com/Acoustic-Mobile-Push/AcousticMobilePushNotificationDebug-SP",
      "state" : {
        "revision" : "e891eba2e17e4f606152b36b728633df86639955",
        "version" : "3.8.24"
      }
    },
    {
      "identity" : "acousticmobilepushwatchdebug-sp",
      "kind" : "remoteSourceControl",
      "location" : "https://github.com/Acoustic-Mobile-Push/AcousticMobilePushWatchDebug-SP",
      "state" : {
        "revision" : "cb7967baac5b3a89df48d73d7fab031e5daae33c",
        "version" : "3.8.24"
      }
    }
  ],
  "version" : 2
}
