{
  "originHash" : "da3e869a52e11176e482c1ddb4c85f9d7a6a6be0a3a193ef3ef98a15731c9c34",
  "pins" : [
    {
      "identity" : "acousticmobilepushdebug-sp",
      "kind" : "remoteSourceControl",
      "location" : "https://github.com/Acoustic-Mobile-Push/AcousticMobilePushDebug-SP",
      "state" : {
        "revision" : "378f20caa1b20b49f04177101d9cb3c62f8afa06",
        "version" : "3.9.36"
      }
    },
    {
      "identity" : "acousticmobilepushnotificationdebug-sp",
      "kind" : "remoteSourceControl",
      "location" : "https://github.com/Acoustic-Mobile-Push/AcousticMobilePushNotificationDebug-SP",
      "state" : {
        "revision" : "714deb5893c88e38ee53a33bec91ca36376c54ee",
        "version" : "3.9.36"
      }
    }
  ],
  "version" : 3
}
